{
  "name": "venn-diagram",
  "lockfileVersion": 3,
  "requires": true,
  "packages": {
    "": {
      "dependencies": {
        "jvenn": "^1.8.1-beta.1"
      }
    },
    "node_modules/jvenn": {
      "version": "1.8.1-beta.1",
      "resolved": "https://registry.npmjs.org/jvenn/-/jvenn-1.8.1-beta.1.tgz",
      "integrity": "sha512-uY0X68Ls90jiOHSwQ49Y7gNOWyXPZyTaZhs5HYC6JYHP7uyVlLOR+WI8cFFpUX1YDC/15hRZJUxE7OAvK3oRLQ=="
    }
  }
}
